
Microsoft Visual Studio Solution File, Format Version 12.00
# Visual Studio Version 17
VisualStudioVersion = 17.7.34031.279
MinimumVisualStudioVersion = 10.0.40219.1
Project("{FAE04EC0-301F-11D3-BF4B-00C04F79EFBC}") = "MatriculaInued", "MatriculaInued\MatriculaInued.csproj", "{E0960349-3B03-440D-B44D-8745E1DB07AF}"
EndProject
Global
	GlobalSection(SolutionConfigurationPlatforms) = preSolution
		Debug|Any CPU = Debug|Any CPU
		Release|Any CPU = Release|Any CPU
	EndGlobalSection
	GlobalSection(ProjectConfigurationPlatforms) = postSolution
		{E0960349-3B03-440D-B44D-8745E1DB07AF}.Debug|Any CPU.ActiveCfg = Debug|Any CPU
		{E0960349-3B03-440D-B44D-8745E1DB07AF}.Debug|Any CPU.Build.0 = Debug|Any CPU
		{E0960349-3B03-440D-B44D-8745E1DB07AF}.Release|Any CPU.ActiveCfg = Release|Any CPU
		{E0960349-3B03-440D-B44D-8745E1DB07AF}.Release|Any CPU.Build.0 = Release|Any CPU
	EndGlobalSection
	GlobalSection(SolutionProperties) = preSolution
		HideSolutionNode = FALSE
	EndGlobalSection
	GlobalSection(ExtensibilityGlobals) = postSolution
		SolutionGuid = {EB6E52D4-92E7-4F1F-91A8-BC292282A86E}
	EndGlobalSection
EndGlobal
